// !$*UTF8*$!
{
	archiveVersion = 1;
	classes = {
	};
	objectVersion = 55;
	objects = {

/* Begin PBXBuildFile section */
		3E1777F3287B5D2B00A9CE48 /* SelectRange.swift in Sources */ = {isa = PBXBuildFile; fileRef = 3E1777F2287B5D2B00A9CE48 /* SelectRange.swift */; };
		3E1E973628C832DC002AED4F /* OpeningTabView.swift in Sources */ = {isa = PBXBuildFile; fileRef = 3E1E973528C832DC002AED4F /* OpeningTabView.swift */; };
		3E42D281283483F5004DDEA9 /* RoundsView.swift in Sources */ = {isa = PBXBuildFile; fileRef = 3E42D280283483F5004DDEA9 /* RoundsView.swift */; };
		3E5109A427FEE03900C3C8DD /* InfoView.swift in Sources */ = {isa = PBXBuildFile; fileRef = 3E5109A327FEE03900C3C8DD /* InfoView.swift */; };
		3E555BB627CDEC8700F316B5 /* MyClayScoresApp.swift in Sources */ = {isa = PBXBuildFile; fileRef = 3E555BB527CDEC8700F316B5 /* MyClayScoresApp.swift */; };
		3E555BBA27CDEC8900F316B5 /* Assets.xcassets in Resources */ = {isa = PBXBuildFile; fileRef = 3E555BB927CDEC8900F316B5 /* Assets.xcassets */; };
		3E555BBD27CDEC8900F316B5 /* Preview Assets.xcassets in Resources */ = {isa = PBXBuildFile; fileRef = 3E555BBC27CDEC8900F316B5 /* Preview Assets.xcassets */; };
		3E555BBF27CDEC8900F316B5 /* RoundsDataStack.swift in Sources */ = {isa = PBXBuildFile; fileRef = 3E555BBE27CDEC8900F316B5 /* RoundsDataStack.swift */; };
		3E555BC227CDEC8900F316B5 /* MyClayScoresModel.xcdatamodeld in Sources */ = {isa = PBXBuildFile; fileRef = 3E555BC027CDEC8900F316B5 /* MyClayScoresModel.xcdatamodeld */; };
		3E6841942A863041003A6507 /* EightPosList.swift in Sources */ = {isa = PBXBuildFile; fileRef = 3E6841932A863041003A6507 /* EightPosList.swift */; };
		3E6CB71A2A8CB78900ECB206 /* NinePosList.swift in Sources */ = {isa = PBXBuildFile; fileRef = 3E6CB7192A8CB78900ECB206 /* NinePosList.swift */; };
		3E97E0242A05AD17005AAE51 /* CloudKit.framework in Frameworks */ = {isa = PBXBuildFile; fileRef = 3E0DBF1128449D5B00DB1BEE /* CloudKit.framework */; };
		3E9A615927FAB4BF0054EE30 /* FivePosNRView.swift in Sources */ = {isa = PBXBuildFile; fileRef = 3E9A615827FAB4BF0054EE30 /* FivePosNRView.swift */; };
		3EA7218B27FD3975004F67FF /* EditView.swift in Sources */ = {isa = PBXBuildFile; fileRef = 3EA7218A27FD3974004F67FF /* EditView.swift */; };
		3EAA178D2884C0EF001576F7 /* FivePosLabels.swift in Sources */ = {isa = PBXBuildFile; fileRef = 3EAA178C2884C0EF001576F7 /* FivePosLabels.swift */; };
		3EF5EDAF2817A0EB0087042D /* FivePosList.swift in Sources */ = {isa = PBXBuildFile; fileRef = 3EF5EDAE2817A0EB0087042D /* FivePosList.swift */; };
/* End PBXBuildFile section */

/* Begin PBXCopyFilesBuildPhase section */
		3E062A2D28235559000B4E8D /* Embed Watch Content */ = {
			isa = PBXCopyFilesBuildPhase;
			buildActionMask = 2147483647;
			dstPath = "$(CONTENTS_FOLDER_PATH)/Watch";
			dstSubfolderSpec = 16;
			files = (
			);
			name = "Embed Watch Content";
			runOnlyForDeploymentPostprocessing = 0;
		};
/* End PBXCopyFilesBuildPhase section */

/* Begin PBXFileReference section */
		3E0DBF1128449D5B00DB1BEE /* CloudKit.framework */ = {isa = PBXFileReference; lastKnownFileType = wrapper.framework; name = CloudKit.framework; path = System/Library/Frameworks/CloudKit.framework; sourceTree = SDKROOT; };
		3E0DBF132844A4FD00DB1BEE /* Info.plist */ = {isa = PBXFileReference; lastKnownFileType = text.plist; path = Info.plist; sourceTree = "<group>"; };
		3E1777F2287B5D2B00A9CE48 /* SelectRange.swift */ = {isa = PBXFileReference; lastKnownFileType = sourcecode.swift; path = SelectRange.swift; sourceTree = "<group>"; };
		3E1E973528C832DC002AED4F /* OpeningTabView.swift */ = {isa = PBXFileReference; lastKnownFileType = sourcecode.swift; path = OpeningTabView.swift; sourceTree = "<group>"; };
		3E42D280283483F5004DDEA9 /* RoundsView.swift */ = {isa = PBXFileReference; lastKnownFileType = sourcecode.swift; path = RoundsView.swift; sourceTree = "<group>"; };
		3E5109A327FEE03900C3C8DD /* InfoView.swift */ = {isa = PBXFileReference; lastKnownFileType = sourcecode.swift; path = InfoView.swift; sourceTree = "<group>"; };
		3E555BB227CDEC8700F316B5 /* MyClayScores.app */ = {isa = PBXFileReference; explicitFileType = wrapper.application; includeInIndex = 0; path = MyClayScores.app; sourceTree = BUILT_PRODUCTS_DIR; };
		3E555BB527CDEC8700F316B5 /* MyClayScoresApp.swift */ = {isa = PBXFileReference; lastKnownFileType = sourcecode.swift; path = MyClayScoresApp.swift; sourceTree = "<group>"; };
		3E555BB927CDEC8900F316B5 /* Assets.xcassets */ = {isa = PBXFileReference; lastKnownFileType = folder.assetcatalog; path = Assets.xcassets; sourceTree = "<group>"; };
		3E555BBC27CDEC8900F316B5 /* Preview Assets.xcassets */ = {isa = PBXFileReference; lastKnownFileType = folder.assetcatalog; path = "Preview Assets.xcassets"; sourceTree = "<group>"; };
		3E555BBE27CDEC8900F316B5 /* RoundsDataStack.swift */ = {isa = PBXFileReference; lastKnownFileType = sourcecode.swift; path = RoundsDataStack.swift; sourceTree = "<group>"; };
		3E555BC127CDEC8900F316B5 /* MyClayScoresModel.xcdatamodel */ = {isa = PBXFileReference; lastKnownFileType = wrapper.xcdatamodel; path = MyClayScoresModel.xcdatamodel; sourceTree = "<group>"; };
		3E6841932A863041003A6507 /* EightPosList.swift */ = {isa = PBXFileReference; lastKnownFileType = sourcecode.swift; path = EightPosList.swift; sourceTree = "<group>"; };
		3E6CB7192A8CB78900ECB206 /* NinePosList.swift */ = {isa = PBXFileReference; fileEncoding = 4; lastKnownFileType = sourcecode.swift; path = NinePosList.swift; sourceTree = "<group>"; };
		3E9A615827FAB4BF0054EE30 /* FivePosNRView.swift */ = {isa = PBXFileReference; fileEncoding = 4; lastKnownFileType = sourcecode.swift; path = FivePosNRView.swift; sourceTree = "<group>"; };
		3EA7218A27FD3974004F67FF /* EditView.swift */ = {isa = PBXFileReference; lastKnownFileType = sourcecode.swift; path = EditView.swift; sourceTree = "<group>"; };
		3EAA178C2884C0EF001576F7 /* FivePosLabels.swift */ = {isa = PBXFileReference; lastKnownFileType = sourcecode.swift; path = FivePosLabels.swift; sourceTree = "<group>"; };
		3EF5EDAE2817A0EB0087042D /* FivePosList.swift */ = {isa = PBXFileReference; lastKnownFileType = sourcecode.swift; path = FivePosList.swift; sourceTree = "<group>"; };
/* End PBXFileReference section */

/* Begin PBXFrameworksBuildPhase section */
		3E555BAF27CDEC8700F316B5 /* Frameworks */ = {
			isa = PBXFrameworksBuildPhase;
			buildActionMask = 2147483647;
			files = (
				3E97E0242A05AD17005AAE51 /* CloudKit.framework in Frameworks */,
			);
			runOnlyForDeploymentPostprocessing = 0;
		};
/* End PBXFrameworksBuildPhase section */

/* Begin PBXGroup section */
		3E0DBF1028449D5B00DB1BEE /* Frameworks */ = {
			isa = PBXGroup;
			children = (
				3E0DBF1128449D5B00DB1BEE /* CloudKit.framework */,
			);
			name = Frameworks;
			sourceTree = "<group>";
		};
		3E555BA927CDEC8700F316B5 = {
			isa = PBXGroup;
			children = (
				3E555BB427CDEC8700F316B5 /* MyClayScores */,
				3E555BB327CDEC8700F316B5 /* Products */,
				3E0DBF1028449D5B00DB1BEE /* Frameworks */,
			);
			sourceTree = "<group>";
		};
		3E555BB327CDEC8700F316B5 /* Products */ = {
			isa = PBXGroup;
			children = (
				3E555BB227CDEC8700F316B5 /* MyClayScores.app */,
			);
			name = Products;
			sourceTree = "<group>";
		};
		3E555BB427CDEC8700F316B5 /* MyClayScores */ = {
			isa = PBXGroup;
			children = (
				3E0DBF132844A4FD00DB1BEE /* Info.plist */,
				3E555BC827CDEE9900F316B5 /* Model */,
				3E555BB527CDEC8700F316B5 /* MyClayScoresApp.swift */,
				3E1E973528C832DC002AED4F /* OpeningTabView.swift */,
				3E42D280283483F5004DDEA9 /* RoundsView.swift */,
				3E9A615827FAB4BF0054EE30 /* FivePosNRView.swift */,
				3EAA178C2884C0EF001576F7 /* FivePosLabels.swift */,
				3EA7218A27FD3974004F67FF /* EditView.swift */,
				3EF5EDAE2817A0EB0087042D /* FivePosList.swift */,
				3E6841932A863041003A6507 /* EightPosList.swift */,
				3E6CB7192A8CB78900ECB206 /* NinePosList.swift */,
				3E1777F2287B5D2B00A9CE48 /* SelectRange.swift */,
				3E5109A327FEE03900C3C8DD /* InfoView.swift */,
				3E555BB927CDEC8900F316B5 /* Assets.xcassets */,
				3E555BBB27CDEC8900F316B5 /* Preview Content */,
			);
			name = MyClayScores;
			path = /Users/doxiedavis/Desktop/MyClayScores/MyClayScores;
			sourceTree = "<absolute>";
		};
		3E555BBB27CDEC8900F316B5 /* Preview Content */ = {
			isa = PBXGroup;
			children = (
				3E555BBC27CDEC8900F316B5 /* Preview Assets.xcassets */,
			);
			path = "Preview Content";
			sourceTree = "<group>";
		};
		3E555BC827CDEE9900F316B5 /* Model */ = {
			isa = PBXGroup;
			children = (
				3E555BBE27CDEC8900F316B5 /* RoundsDataStack.swift */,
				3E555BC027CDEC8900F316B5 /* MyClayScoresModel.xcdatamodeld */,
			);
			path = Model;
			sourceTree = "<group>";
		};
/* End PBXGroup section */

/* Begin PBXNativeTarget section */
		3E555BB127CDEC8700F316B5 /* MyClayScores */ = {
			isa = PBXNativeTarget;
			buildConfigurationList = 3E555BC527CDEC8900F316B5 /* Build configuration list for PBXNativeTarget "MyClayScores" */;
			buildPhases = (
				3E555BAE27CDEC8700F316B5 /* Sources */,
				3E555BAF27CDEC8700F316B5 /* Frameworks */,
				3E555BB027CDEC8700F316B5 /* Resources */,
				3E062A2D28235559000B4E8D /* Embed Watch Content */,
			);
			buildRules = (
			);
			dependencies = (
			);
			name = MyClayScores;
			productName = TrapTracker_v2;
			productReference = 3E555BB227CDEC8700F316B5 /* MyClayScores.app */;
			productType = "com.apple.product-type.application";
		};
/* End PBXNativeTarget section */

/* Begin PBXProject section */
		3E555BAA27CDEC8700F316B5 /* Project object */ = {
			isa = PBXProject;
			attributes = {
				BuildIndependentTargetsInParallel = 1;
				LastSwiftUpdateCheck = 1330;
				LastUpgradeCheck = 1320;
				TargetAttributes = {
					3E555BB127CDEC8700F316B5 = {
						CreatedOnToolsVersion = 13.2.1;
					};
				};
			};
			buildConfigurationList = 3E555BAD27CDEC8700F316B5 /* Build configuration list for PBXProject "MyClayScores" */;
			compatibilityVersion = "Xcode 13.0";
			developmentRegion = en;
			hasScannedForEncodings = 0;
			knownRegions = (
				en,
				Base,
			);
			mainGroup = 3E555BA927CDEC8700F316B5;
			productRefGroup = 3E555BB327CDEC8700F316B5 /* Products */;
			projectDirPath = "";
			projectRoot = "";
			targets = (
				3E555BB127CDEC8700F316B5 /* MyClayScores */,
			);
		};
/* End PBXProject section */

/* Begin PBXResourcesBuildPhase section */
		3E555BB027CDEC8700F316B5 /* Resources */ = {
			isa = PBXResourcesBuildPhase;
			buildActionMask = 2147483647;
			files = (
				3E555BBD27CDEC8900F316B5 /* Preview Assets.xcassets in Resources */,
				3E555BBA27CDEC8900F316B5 /* Assets.xcassets in Resources */,
			);
			runOnlyForDeploymentPostprocessing = 0;
		};
/* End PBXResourcesBuildPhase section */

/* Begin PBXSourcesBuildPhase section */
		3E555BAE27CDEC8700F316B5 /* Sources */ = {
			isa = PBXSourcesBuildPhase;
			buildActionMask = 2147483647;
			files = (
				3E555BBF27CDEC8900F316B5 /* RoundsDataStack.swift in Sources */,
				3E42D281283483F5004DDEA9 /* RoundsView.swift in Sources */,
				3EF5EDAF2817A0EB0087042D /* FivePosList.swift in Sources */,
				3E555BC227CDEC8900F316B5 /* MyClayScoresModel.xcdatamodeld in Sources */,
				3E1777F3287B5D2B00A9CE48 /* SelectRange.swift in Sources */,
				3E5109A427FEE03900C3C8DD /* InfoView.swift in Sources */,
				3E6CB71A2A8CB78900ECB206 /* NinePosList.swift in Sources */,
				3EAA178D2884C0EF001576F7 /* FivePosLabels.swift in Sources */,
				3E6841942A863041003A6507 /* EightPosList.swift in Sources */,
				3E9A615927FAB4BF0054EE30 /* FivePosNRView.swift in Sources */,
				3EA7218B27FD3975004F67FF /* EditView.swift in Sources */,
				3E1E973628C832DC002AED4F /* OpeningTabView.swift in Sources */,
				3E555BB627CDEC8700F316B5 /* MyClayScoresApp.swift in Sources */,
			);
			runOnlyForDeploymentPostprocessing = 0;
		};
/* End PBXSourcesBuildPhase section */

/* Begin XCBuildConfiguration section */
		3E555BC327CDEC8900F316B5 /* Debug */ = {
			isa = XCBuildConfiguration;
			buildSettings = {
				ALWAYS_SEARCH_USER_PATHS = NO;
				CLANG_ANALYZER_NONNULL = YES;
				CLANG_ANALYZER_NUMBER_OBJECT_CONVERSION = YES_AGGRESSIVE;
				CLANG_CXX_LANGUAGE_STANDARD = "gnu++17";
				CLANG_CXX_LIBRARY = "libc++";
				CLANG_ENABLE_MODULES = YES;
				CLANG_ENABLE_OBJC_ARC = YES;
				CLANG_ENABLE_OBJC_WEAK = YES;
				CLANG_WARN_BLOCK_CAPTURE_AUTORELEASING = YES;
				CLANG_WARN_BOOL_CONVERSION = YES;
				CLANG_WARN_COMMA = YES;
				CLANG_WARN_CONSTANT_CONVERSION = YES;
				CLANG_WARN_DEPRECATED_OBJC_IMPLEMENTATIONS = YES;
				CLANG_WARN_DIRECT_OBJC_ISA_USAGE = YES_ERROR;
				CLANG_WARN_DOCUMENTATION_COMMENTS = YES;
				CLANG_WARN_EMPTY_BODY = YES;
				CLANG_WARN_ENUM_CONVERSION = YES;
				CLANG_WARN_INFINITE_RECURSION = YES;
				CLANG_WARN_INT_CONVERSION = YES;
				CLANG_WARN_NON_LITERAL_NULL_CONVERSION = YES;
				CLANG_WARN_OBJC_IMPLICIT_RETAIN_SELF = YES;
				CLANG_WARN_OBJC_LITERAL_CONVERSION = YES;
				CLANG_WARN_OBJC_ROOT_CLASS = YES_ERROR;
				CLANG_WARN_QUOTED_INCLUDE_IN_FRAMEWORK_HEADER = YES;
				CLANG_WARN_RANGE_LOOP_ANALYSIS = YES;
				CLANG_WARN_STRICT_PROTOTYPES = YES;
				CLANG_WARN_SUSPICIOUS_MOVE = YES;
				CLANG_WARN_UNGUARDED_AVAILABILITY = YES_AGGRESSIVE;
				CLANG_WARN_UNREACHABLE_CODE = YES;
				CLANG_WARN__DUPLICATE_METHOD_MATCH = YES;
				COPY_PHASE_STRIP = NO;
				DEBUG_INFORMATION_FORMAT = dwarf;
				ENABLE_STRICT_OBJC_MSGSEND = YES;
				ENABLE_TESTABILITY = YES;
				GCC_C_LANGUAGE_STANDARD = gnu11;
				GCC_DYNAMIC_NO_PIC = NO;
				GCC_NO_COMMON_BLOCKS = YES;
				GCC_OPTIMIZATION_LEVEL = 0;
				GCC_PREPROCESSOR_DEFINITIONS = (
					"DEBUG=1",
					"$(inherited)",
				);
				GCC_WARN_64_TO_32_BIT_CONVERSION = YES;
				GCC_WARN_ABOUT_RETURN_TYPE = YES_ERROR;
				GCC_WARN_UNDECLARED_SELECTOR = YES;
				GCC_WARN_UNINITIALIZED_AUTOS = YES_AGGRESSIVE;
				GCC_WARN_UNUSED_FUNCTION = YES;
				GCC_WARN_UNUSED_VARIABLE = YES;
				IPHONEOS_DEPLOYMENT_TARGET = 16.0;
				MTL_ENABLE_DEBUG_INFO = INCLUDE_SOURCE;
				MTL_FAST_MATH = YES;
				ONLY_ACTIVE_ARCH = YES;
				SDKROOT = iphoneos;
				SWIFT_ACTIVE_COMPILATION_CONDITIONS = DEBUG;
				SWIFT_OPTIMIZATION_LEVEL = "-Onone";
			};
			name = Debug;
		};
		3E555BC427CDEC8900F316B5 /* Release */ = {
			isa = XCBuildConfiguration;
			buildSettings = {
				ALWAYS_SEARCH_USER_PATHS = NO;
				CLANG_ANALYZER_NONNULL = YES;
				CLANG_ANALYZER_NUMBER_OBJECT_CONVERSION = YES_AGGRESSIVE;
				CLANG_CXX_LANGUAGE_STANDARD = "gnu++17";
				CLANG_CXX_LIBRARY = "libc++";
				CLANG_ENABLE_MODULES = YES;
				CLANG_ENABLE_OBJC_ARC = YES;
				CLANG_ENABLE_OBJC_WEAK = YES;
				CLANG_WARN_BLOCK_CAPTURE_AUTORELEASING = YES;
				CLANG_WARN_BOOL_CONVERSION = YES;
				CLANG_WARN_COMMA = YES;
				CLANG_WARN_CONSTANT_CONVERSION = YES;
				CLANG_WARN_DEPRECATED_OBJC_IMPLEMENTATIONS = YES;
				CLANG_WARN_DIRECT_OBJC_ISA_USAGE = YES_ERROR;
				CLANG_WARN_DOCUMENTATION_COMMENTS = YES;
				CLANG_WARN_EMPTY_BODY = YES;
				CLANG_WARN_ENUM_CONVERSION = YES;
				CLANG_WARN_INFINITE_RECURSION = YES;
				CLANG_WARN_INT_CONVERSION = YES;
				CLANG_WARN_NON_LITERAL_NULL_CONVERSION = YES;
				CLANG_WARN_OBJC_IMPLICIT_RETAIN_SELF = YES;
				CLANG_WARN_OBJC_LITERAL_CONVERSION = YES;
				CLANG_WARN_OBJC_ROOT_CLASS = YES_ERROR;
				CLANG_WARN_QUOTED_INCLUDE_IN_FRAMEWORK_HEADER = YES;
				CLANG_WARN_RANGE_LOOP_ANALYSIS = YES;
				CLANG_WARN_STRICT_PROTOTYPES = YES;
				CLANG_WARN_SUSPICIOUS_MOVE = YES;
				CLANG_WARN_UNGUARDED_AVAILABILITY = YES_AGGRESSIVE;
				CLANG_WARN_UNREACHABLE_CODE = YES;
				CLANG_WARN__DUPLICATE_METHOD_MATCH = YES;
				COPY_PHASE_STRIP = NO;
				DEBUG_INFORMATION_FORMAT = "dwarf-with-dsym";
				ENABLE_NS_ASSERTIONS = NO;
				ENABLE_STRICT_OBJC_MSGSEND = YES;
				GCC_C_LANGUAGE_STANDARD = gnu11;
				GCC_NO_COMMON_BLOCKS = YES;
				GCC_WARN_64_TO_32_BIT_CONVERSION = YES;
				GCC_WARN_ABOUT_RETURN_TYPE = YES_ERROR;
				GCC_WARN_UNDECLARED_SELECTOR = YES;
				GCC_WARN_UNINITIALIZED_AUTOS = YES_AGGRESSIVE;
				GCC_WARN_UNUSED_FUNCTION = YES;
				GCC_WARN_UNUSED_VARIABLE = YES;
				IPHONEOS_DEPLOYMENT_TARGET = 16.0;
				MTL_ENABLE_DEBUG_INFO = NO;
				MTL_FAST_MATH = YES;
				SDKROOT = iphoneos;
				SWIFT_COMPILATION_MODE = wholemodule;
				SWIFT_OPTIMIZATION_LEVEL = "-O";
				VALIDATE_PRODUCT = YES;
			};
			name = Release;
		};
		3E555BC627CDEC8900F316B5 /* Debug */ = {
			isa = XCBuildConfiguration;
			buildSettings = {
				ASSETCATALOG_COMPILER_APPICON_NAME = AppIcon;
				ASSETCATALOG_COMPILER_GLOBAL_ACCENT_COLOR_NAME = AccentColor;
				CODE_SIGN_ENTITLEMENTS = MyClayScores/MyClayScores.entitlements;
				CODE_SIGN_STYLE = Automatic;
				CURRENT_PROJECT_VERSION = 1;
				DEVELOPMENT_ASSET_PATHS = "\"MyClayScores/Preview Content\"";
				DEVELOPMENT_TEAM = CM53CRQF5E;
				ENABLE_PREVIEWS = YES;
				GENERATE_INFOPLIST_FILE = YES;
				INFOPLIST_FILE = MyClayScores/Info.plist;
				INFOPLIST_KEY_CFBundleDisplayName = MyClayScores;
				INFOPLIST_KEY_LSApplicationCategoryType = "";
				INFOPLIST_KEY_NSMainStoryboardFile = MyClayScores;
				INFOPLIST_KEY_UIApplicationSceneManifest_Generation = YES;
				INFOPLIST_KEY_UIApplicationSupportsIndirectInputEvents = YES;
				INFOPLIST_KEY_UILaunchScreen_Generation = YES;
				INFOPLIST_KEY_UISupportedInterfaceOrientations = "UIInterfaceOrientationLandscapeLeft UIInterfaceOrientationLandscapeRight UIInterfaceOrientationPortrait UIInterfaceOrientationPortraitUpsideDown";
				IPHONEOS_DEPLOYMENT_TARGET = 16.0;
				LD_RUNPATH_SEARCH_PATHS = (
					"$(inherited)",
					"@executable_path/Frameworks",
				);
				LOCALIZATION_EXPORT_SUPPORTED = YES;
				LOCALIZED_STRING_SWIFTUI_SUPPORT = YES;
				MARKETING_VERSION = 1.0;
				PRODUCT_BUNDLE_IDENTIFIER = com.doxiedavis.MyClayScores;
				PRODUCT_NAME = MyClayScores;
				SUPPORTED_PLATFORMS = "iphoneos iphonesimulator";
				SUPPORTS_MACCATALYST = NO;
				SUPPORTS_MAC_DESIGNED_FOR_IPHONE_IPAD = NO;
				SWIFT_EMIT_LOC_STRINGS = YES;
				SWIFT_VERSION = 5.0;
				TARGETED_DEVICE_FAMILY = "1,2";
			};
			name = Debug;
		};
		3E555BC727CDEC8900F316B5 /* Release */ = {
			isa = XCBuildConfiguration;
			buildSettings = {
				ASSETCATALOG_COMPILER_APPICON_NAME = AppIcon;
				ASSETCATALOG_COMPILER_GLOBAL_ACCENT_COLOR_NAME = AccentColor;
				CODE_SIGN_ENTITLEMENTS = MyClayScores/MyClayScores.entitlements;
				CODE_SIGN_STYLE = Automatic;
				CURRENT_PROJECT_VERSION = 1;
				DEVELOPMENT_ASSET_PATHS = "\"MyClayScores/Preview Content\"";
				DEVELOPMENT_TEAM = CM53CRQF5E;
				ENABLE_PREVIEWS = YES;
				GENERATE_INFOPLIST_FILE = YES;
				INFOPLIST_FILE = MyClayScores/Info.plist;
				INFOPLIST_KEY_CFBundleDisplayName = MyClayScores;
				INFOPLIST_KEY_LSApplicationCategoryType = "";
				INFOPLIST_KEY_NSMainStoryboardFile = MyClayScores;
				INFOPLIST_KEY_UIApplicationSceneManifest_Generation = YES;
				INFOPLIST_KEY_UIApplicationSupportsIndirectInputEvents = YES;
				INFOPLIST_KEY_UILaunchScreen_Generation = YES;
				INFOPLIST_KEY_UISupportedInterfaceOrientations = "UIInterfaceOrientationLandscapeLeft UIInterfaceOrientationLandscapeRight UIInterfaceOrientationPortrait UIInterfaceOrientationPortraitUpsideDown";
				IPHONEOS_DEPLOYMENT_TARGET = 16.0;
				LD_RUNPATH_SEARCH_PATHS = (
					"$(inherited)",
					"@executable_path/Frameworks",
				);
				LOCALIZATION_EXPORT_SUPPORTED = YES;
				LOCALIZED_STRING_SWIFTUI_SUPPORT = YES;
				MARKETING_VERSION = 1.0;
				PRODUCT_BUNDLE_IDENTIFIER = com.doxiedavis.MyClayScores;
				PRODUCT_NAME = MyClayScores;
				SUPPORTED_PLATFORMS = "iphoneos iphonesimulator";
				SUPPORTS_MACCATALYST = NO;
				SUPPORTS_MAC_DESIGNED_FOR_IPHONE_IPAD = NO;
				SWIFT_EMIT_LOC_STRINGS = YES;
				SWIFT_VERSION = 5.0;
				TARGETED_DEVICE_FAMILY = "1,2";
			};
			name = Release;
		};
/* End XCBuildConfiguration section */

/* Begin XCConfigurationList section */
		3E555BAD27CDEC8700F316B5 /* Build configuration list for PBXProject "MyClayScores" */ = {
			isa = XCConfigurationList;
			buildConfigurations = (
				3E555BC327CDEC8900F316B5 /* Debug */,
				3E555BC427CDEC8900F316B5 /* Release */,
			);
			defaultConfigurationIsVisible = 0;
			defaultConfigurationName = Release;
		};
		3E555BC527CDEC8900F316B5 /* Build configuration list for PBXNativeTarget "MyClayScores" */ = {
			isa = XCConfigurationList;
			buildConfigurations = (
				3E555BC627CDEC8900F316B5 /* Debug */,
				3E555BC727CDEC8900F316B5 /* Release */,
			);
			defaultConfigurationIsVisible = 0;
			defaultConfigurationName = Release;
		};
/* End XCConfigurationList section */

/* Begin XCVersionGroup section */
		3E555BC027CDEC8900F316B5 /* MyClayScoresModel.xcdatamodeld */ = {
			isa = XCVersionGroup;
			children = (
				3E555BC127CDEC8900F316B5 /* MyClayScoresModel.xcdatamodel */,
			);
			currentVersion = 3E555BC127CDEC8900F316B5 /* MyClayScoresModel.xcdatamodel */;
			path = MyClayScoresModel.xcdatamodeld;
			sourceTree = "<group>";
			versionGroupType = wrapper.xcdatamodel;
		};
/* End XCVersionGroup section */
	};
	rootObject = 3E555BAA27CDEC8700F316B5 /* Project object */;
}
